// !$*UTF8*$!
{
	archiveVersion = 1;
	classes = {
	};
	objectVersion = 52;
	objects = {

/* Begin PBXBuildFile section */
		0304549C26EFF49E000E78F6 /* Tests_iOS.swift in Sources */ = {isa = PBXBuildFile; fileRef = 0304549B26EFF49E000E78F6 /* Tests_iOS.swift */; };
		030454A926EFF49E000E78F6 /* AppXApp.swift in Sources */ = {isa = PBXBuildFile; fileRef = 0304548026EFF49C000E78F6 /* AppXApp.swift */; };
		030454BE26EFF5FD000E78F6 /* GoogleService-Info.plist in Resources */ = {isa = PBXBuildFile; fileRef = 030454BD26EFF5FD000E78F6 /* GoogleService-Info.plist */; };
		030454C026EFF5FD000E78F6 /* GoogleService-Info.plist in Resources */ = {isa = PBXBuildFile; fileRef = 030454BD26EFF5FD000E78F6 /* GoogleService-Info.plist */; };
		03174DC527340BB000ABA99C /* View.swift in Sources */ = {isa = PBXBuildFile; fileRef = 03174DC427340BB000ABA99C /* View.swift */; };
		03174DC72737EB9200ABA99C /* PaymentService.swift in Sources */ = {isa = PBXBuildFile; fileRef = 03174DC62737EB9200ABA99C /* PaymentService.swift */; };
		03560CB227319F9B00305527 /* UIColor.swift in Sources */ = {isa = PBXBuildFile; fileRef = 03560CB127319F9B00305527 /* UIColor.swift */; };
		035AB86D2731514F00A40045 /* Assets.xcassets in Resources */ = {isa = PBXBuildFile; fileRef = 035AB86C2731514F00A40045 /* Assets.xcassets */; };
		035EDBD62710864B000C4DFC /* CameraRollView.swift in Sources */ = {isa = PBXBuildFile; fileRef = 035EDBD52710864B000C4DFC /* CameraRollView.swift */; };
		03675D122727186400E0257C /* URLImage in Frameworks */ = {isa = PBXBuildFile; productRef = 03675D112727186400E0257C /* URLImage */; };
		03675D142727186400E0257C /* URLImageStore in Frameworks */ = {isa = PBXBuildFile; productRef = 03675D132727186400E0257C /* URLImageStore */; };
		038300B8270730BB00D1E08F /* TextAlert.swift in Sources */ = {isa = PBXBuildFile; fileRef = 038300B7270730BB00D1E08F /* TextAlert.swift */; };
		038300BD27074F8100D1E08F /* SignInView.swift in Sources */ = {isa = PBXBuildFile; fileRef = 038300BC27074F8100D1E08F /* SignInView.swift */; };
		038300BF27074FE700D1E08F /* SignUpView.swift in Sources */ = {isa = PBXBuildFile; fileRef = 038300BE27074FE700D1E08F /* SignUpView.swift */; };
		038300C1270C6CCF00D1E08F /* AddressViewAccountEnvironment.swift in Sources */ = {isa = PBXBuildFile; fileRef = 038300C0270C6CCF00D1E08F /* AddressViewAccountEnvironment.swift */; };
		038300C4270C77A500D1E08F /* LocationService.swift in Sources */ = {isa = PBXBuildFile; fileRef = 038300C3270C77A500D1E08F /* LocationService.swift */; };
		038300C9270DF73700D1E08F /* AddressViewAuthenticationEnvironment.swift in Sources */ = {isa = PBXBuildFile; fileRef = 038300C8270DF73700D1E08F /* AddressViewAuthenticationEnvironment.swift */; };
		038C69C326F0C34C0051DE59 /* ContentView.swift in Sources */ = {isa = PBXBuildFile; fileRef = 038C69C226F0C34C0051DE59 /* ContentView.swift */; };
		038C69CE26F1F1590051DE59 /* WelcomeView.swift in Sources */ = {isa = PBXBuildFile; fileRef = 038C69CD26F1F1590051DE59 /* WelcomeView.swift */; };
		038C69D026F20D020051DE59 /* AccountView.swift in Sources */ = {isa = PBXBuildFile; fileRef = 038C69CF26F20D020051DE59 /* AccountView.swift */; };
		038C69E226F4B1290051DE59 /* CameraService.swift in Sources */ = {isa = PBXBuildFile; fileRef = 038C69E126F4B1290051DE59 /* CameraService.swift */; };
		03A4FCF82823C56C004BAD30 /* CameraView2.swift in Sources */ = {isa = PBXBuildFile; fileRef = 03A4FCF72823C56C004BAD30 /* CameraView2.swift */; };
		03A4FCFA2823C62D004BAD30 /* CameraError.swift in Sources */ = {isa = PBXBuildFile; fileRef = 03A4FCF92823C62D004BAD30 /* CameraError.swift */; };
		03A4FCFC2823C647004BAD30 /* CameraManager.swift in Sources */ = {isa = PBXBuildFile; fileRef = 03A4FCFB2823C647004BAD30 /* CameraManager.swift */; };
		03A4FCFE2823C664004BAD30 /* FrameManager.swift in Sources */ = {isa = PBXBuildFile; fileRef = 03A4FCFD2823C664004BAD30 /* FrameManager.swift */; };
		03A4FD002823C68D004BAD30 /* CGImage.swift in Sources */ = {isa = PBXBuildFile; fileRef = 03A4FCFF2823C68D004BAD30 /* CGImage.swift */; };
		03A4FD022823C6B6004BAD30 /* CameraViewModel2.swift in Sources */ = {isa = PBXBuildFile; fileRef = 03A4FD012823C6B6004BAD30 /* CameraViewModel2.swift */; };
		03A4FD042823C73C004BAD30 /* ControlView.swift in Sources */ = {isa = PBXBuildFile; fileRef = 03A4FD032823C73C004BAD30 /* ControlView.swift */; };
		03A4FD062823C777004BAD30 /* ErrorView.swift in Sources */ = {isa = PBXBuildFile; fileRef = 03A4FD052823C777004BAD30 /* ErrorView.swift */; };
		03A4FD082823C792004BAD30 /* FrameView.swift in Sources */ = {isa = PBXBuildFile; fileRef = 03A4FD072823C792004BAD30 /* FrameView.swift */; };
		03ADB50C270482B800B999B2 /* User.swift in Sources */ = {isa = PBXBuildFile; fileRef = 03ADB50B270482B800B999B2 /* User.swift */; };
		03B5DD3A270200A0005C96F1 /* StorageManager.swift in Sources */ = {isa = PBXBuildFile; fileRef = 03B5DD39270200A0005C96F1 /* StorageManager.swift */; };
		03BA61502739CD75006B2781 /* PaymentMethodView.swift in Sources */ = {isa = PBXBuildFile; fileRef = 03BA614F2739CD75006B2781 /* PaymentMethodView.swift */; };
		03BA6152273BD631006B2781 /* OrdersView.swift in Sources */ = {isa = PBXBuildFile; fileRef = 03BA6151273BD631006B2781 /* OrdersView.swift */; };
		03BA615D2743D168006B2781 /* LargeTextFieldStyle.swift in Sources */ = {isa = PBXBuildFile; fileRef = 03BA615C2743D168006B2781 /* LargeTextFieldStyle.swift */; };
		03BA615F2743E29F006B2781 /* WelcomeToAppxView.swift in Sources */ = {isa = PBXBuildFile; fileRef = 03BA615E2743E29F006B2781 /* WelcomeToAppxView.swift */; };
		03BA6162274545F0006B2781 /* PaymentSheetView.swift in Sources */ = {isa = PBXBuildFile; fileRef = 03BA6161274545F0006B2781 /* PaymentSheetView.swift */; };
		03BA616627454E63006B2781 /* NewPhotoRollView.swift in Sources */ = {isa = PBXBuildFile; fileRef = 03BA616527454E63006B2781 /* NewPhotoRollView.swift */; };
		03BA616827469672006B2781 /* Order.swift in Sources */ = {isa = PBXBuildFile; fileRef = 03BA616727469671006B2781 /* Order.swift */; };
		03BA616A2746A04F006B2781 /* VerifyEmailView.swift in Sources */ = {isa = PBXBuildFile; fileRef = 03BA61692746A04F006B2781 /* VerifyEmailView.swift */; };
		03BA616C2746AC4B006B2781 /* WelcomeToAppx2View.swift in Sources */ = {isa = PBXBuildFile; fileRef = 03BA616B2746AC4B006B2781 /* WelcomeToAppx2View.swift */; };
		03BA616E2746ACB3006B2781 /* WelcomeToAppx3View.swift in Sources */ = {isa = PBXBuildFile; fileRef = 03BA616D2746ACB3006B2781 /* WelcomeToAppx3View.swift */; };
		03BA61702746AE39006B2781 /* WelcomeToAppx4View.swift in Sources */ = {isa = PBXBuildFile; fileRef = 03BA616F2746AE39006B2781 /* WelcomeToAppx4View.swift */; };
		03C3F30826F4B6D300BB9994 /* PhotoCaptureProcessor.swift in Sources */ = {isa = PBXBuildFile; fileRef = 03C3F30726F4B6D300BB9994 /* PhotoCaptureProcessor.swift */; };
		03C3F30A26F4B78700BB9994 /* CameraViewModel.swift in Sources */ = {isa = PBXBuildFile; fileRef = 03C3F30926F4B78700BB9994 /* CameraViewModel.swift */; };
		03C3F30C26F4B7B500BB9994 /* CameraPreview.swift in Sources */ = {isa = PBXBuildFile; fileRef = 03C3F30B26F4B7B500BB9994 /* CameraPreview.swift */; };
		03C3F30E26F4B80B00BB9994 /* CameraView.swift in Sources */ = {isa = PBXBuildFile; fileRef = 03C3F30D26F4B80B00BB9994 /* CameraView.swift */; };
		03C8D849272858F30075EF41 /* CardView.swift in Sources */ = {isa = PBXBuildFile; fileRef = 03C8D848272858F30075EF41 /* CardView.swift */; };
		03F06E4626F4C11900D7486A /* ImageResizer.swift in Sources */ = {isa = PBXBuildFile; fileRef = 03F06E4526F4C11900D7486A /* ImageResizer.swift */; };
		03F06E4926F4E4DF00D7486A /* AlertError.swift in Sources */ = {isa = PBXBuildFile; fileRef = 03F06E4826F4E4DF00D7486A /* AlertError.swift */; };
		E62D03F5168AE0C00EDEAF94 /* Pods_AppX__iOS_.framework in Frameworks */ = {isa = PBXBuildFile; fileRef = BA4A4D16A6D5F250165FF60C /* Pods_AppX__iOS_.framework */; };
/* End PBXBuildFile section */

/* Begin PBXContainerItemProxy section */
		0304549826EFF49E000E78F6 /* PBXContainerItemProxy */ = {
			isa = PBXContainerItemProxy;
			containerPortal = 0304547B26EFF49B000E78F6 /* Project object */;
			proxyType = 1;
			remoteGlobalIDString = 0304548626EFF49E000E78F6;
			remoteInfo = "AppX (iOS)";
		};
/* End PBXContainerItemProxy section */

/* Begin PBXFileReference section */
		0304548026EFF49C000E78F6 /* AppXApp.swift */ = {isa = PBXFileReference; lastKnownFileType = sourcecode.swift; path = AppXApp.swift; sourceTree = "<group>"; };
		0304548726EFF49E000E78F6 /* AppX.app */ = {isa = PBXFileReference; explicitFileType = wrapper.application; includeInIndex = 0; path = AppX.app; sourceTree = BUILT_PRODUCTS_DIR; };
		0304548A26EFF49E000E78F6 /* Info.plist */ = {isa = PBXFileReference; lastKnownFileType = text.plist.xml; path = Info.plist; sourceTree = "<group>"; };
		0304549726EFF49E000E78F6 /* Tests iOS.xctest */ = {isa = PBXFileReference; explicitFileType = wrapper.cfbundle; includeInIndex = 0; path = "Tests iOS.xctest"; sourceTree = BUILT_PRODUCTS_DIR; };
		0304549B26EFF49E000E78F6 /* Tests_iOS.swift */ = {isa = PBXFileReference; lastKnownFileType = sourcecode.swift; path = Tests_iOS.swift; sourceTree = "<group>"; };
		0304549D26EFF49E000E78F6 /* Info.plist */ = {isa = PBXFileReference; lastKnownFileType = text.plist.xml; path = Info.plist; sourceTree = "<group>"; };
		030454BD26EFF5FD000E78F6 /* GoogleService-Info.plist */ = {isa = PBXFileReference; fileEncoding = 4; lastKnownFileType = text.plist.xml; name = "GoogleService-Info.plist"; path = "../../../../Downloads/GoogleService-Info.plist"; sourceTree = "<group>"; };
		03174DC427340BB000ABA99C /* View.swift */ = {isa = PBXFileReference; lastKnownFileType = sourcecode.swift; path = View.swift; sourceTree = "<group>"; };
		03174DC62737EB9200ABA99C /* PaymentService.swift */ = {isa = PBXFileReference; lastKnownFileType = sourcecode.swift; path = PaymentService.swift; sourceTree = "<group>"; };
		03560CB127319F9B00305527 /* UIColor.swift */ = {isa = PBXFileReference; lastKnownFileType = sourcecode.swift; path = UIColor.swift; sourceTree = "<group>"; };
		035AB86C2731514F00A40045 /* Assets.xcassets */ = {isa = PBXFileReference; lastKnownFileType = folder.assetcatalog; path = Assets.xcassets; sourceTree = SOURCE_ROOT; };
		035EDBD52710864B000C4DFC /* CameraRollView.swift */ = {isa = PBXFileReference; lastKnownFileType = sourcecode.swift; path = CameraRollView.swift; sourceTree = "<group>"; };
		038300B7270730BB00D1E08F /* TextAlert.swift */ = {isa = PBXFileReference; lastKnownFileType = sourcecode.swift; path = TextAlert.swift; sourceTree = "<group>"; };
		038300BC27074F8100D1E08F /* SignInView.swift */ = {isa = PBXFileReference; lastKnownFileType = sourcecode.swift; path = SignInView.swift; sourceTree = "<group>"; };
		038300BE27074FE700D1E08F /* SignUpView.swift */ = {isa = PBXFileReference; lastKnownFileType = sourcecode.swift; path = SignUpView.swift; sourceTree = "<group>"; };
		038300C0270C6CCF00D1E08F /* AddressViewAccountEnvironment.swift */ = {isa = PBXFileReference; lastKnownFileType = sourcecode.swift; path = AddressViewAccountEnvironment.swift; sourceTree = "<group>"; };
		038300C3270C77A500D1E08F /* LocationService.swift */ = {isa = PBXFileReference; lastKnownFileType = sourcecode.swift; path = LocationService.swift; sourceTree = "<group>"; };
		038300C8270DF73700D1E08F /* AddressViewAuthenticationEnvironment.swift */ = {isa = PBXFileReference; lastKnownFileType = sourcecode.swift; path = AddressViewAuthenticationEnvironment.swift; sourceTree = "<group>"; };
		038C69C226F0C34C0051DE59 /* ContentView.swift */ = {isa = PBXFileReference; lastKnownFileType = sourcecode.swift; path = ContentView.swift; sourceTree = "<group>"; };
		038C69CD26F1F1590051DE59 /* WelcomeView.swift */ = {isa = PBXFileReference; lastKnownFileType = sourcecode.swift; path = WelcomeView.swift; sourceTree = "<group>"; };
		038C69CF26F20D020051DE59 /* AccountView.swift */ = {isa = PBXFileReference; lastKnownFileType = sourcecode.swift; path = AccountView.swift; sourceTree = "<group>"; };
		038C69E126F4B1290051DE59 /* CameraService.swift */ = {isa = PBXFileReference; lastKnownFileType = sourcecode.swift; path = CameraService.swift; sourceTree = "<group>"; };
		03A4FCF72823C56C004BAD30 /* CameraView2.swift */ = {isa = PBXFileReference; lastKnownFileType = sourcecode.swift; path = CameraView2.swift; sourceTree = "<group>"; };
		03A4FCF92823C62D004BAD30 /* CameraError.swift */ = {isa = PBXFileReference; lastKnownFileType = sourcecode.swift; path = CameraError.swift; sourceTree = "<group>"; };
		03A4FCFB2823C647004BAD30 /* CameraManager.swift */ = {isa = PBXFileReference; lastKnownFileType = sourcecode.swift; path = CameraManager.swift; sourceTree = "<group>"; };
		03A4FCFD2823C664004BAD30 /* FrameManager.swift */ = {isa = PBXFileReference; lastKnownFileType = sourcecode.swift; path = FrameManager.swift; sourceTree = "<group>"; };
		03A4FCFF2823C68D004BAD30 /* CGImage.swift */ = {isa = PBXFileReference; lastKnownFileType = sourcecode.swift; path = CGImage.swift; sourceTree = "<group>"; };
		03A4FD012823C6B6004BAD30 /* CameraViewModel2.swift */ = {isa = PBXFileReference; lastKnownFileType = sourcecode.swift; path = CameraViewModel2.swift; sourceTree = "<group>"; };
		03A4FD032823C73C004BAD30 /* ControlView.swift */ = {isa = PBXFileReference; lastKnownFileType = sourcecode.swift; path = ControlView.swift; sourceTree = "<group>"; };
		03A4FD052823C777004BAD30 /* ErrorView.swift */ = {isa = PBXFileReference; lastKnownFileType = sourcecode.swift; path = ErrorView.swift; sourceTree = "<group>"; };
		03A4FD072823C792004BAD30 /* FrameView.swift */ = {isa = PBXFileReference; lastKnownFileType = sourcecode.swift; path = FrameView.swift; sourceTree = "<group>"; };
		03ADB50B270482B800B999B2 /* User.swift */ = {isa = PBXFileReference; lastKnownFileType = sourcecode.swift; path = User.swift; sourceTree = "<group>"; };
		03B5DD39270200A0005C96F1 /* StorageManager.swift */ = {isa = PBXFileReference; lastKnownFileType = sourcecode.swift; path = StorageManager.swift; sourceTree = "<group>"; };
		03BA614F2739CD75006B2781 /* PaymentMethodView.swift */ = {isa = PBXFileReference; lastKnownFileType = sourcecode.swift; path = PaymentMethodView.swift; sourceTree = "<group>"; };
		03BA6151273BD631006B2781 /* OrdersView.swift */ = {isa = PBXFileReference; lastKnownFileType = sourcecode.swift; path = OrdersView.swift; sourceTree = "<group>"; };
		03BA615C2743D168006B2781 /* LargeTextFieldStyle.swift */ = {isa = PBXFileReference; lastKnownFileType = sourcecode.swift; path = LargeTextFieldStyle.swift; sourceTree = "<group>"; };
		03BA615E2743E29F006B2781 /* WelcomeToAppxView.swift */ = {isa = PBXFileReference; lastKnownFileType = sourcecode.swift; path = WelcomeToAppxView.swift; sourceTree = "<group>"; };
		03BA6161274545F0006B2781 /* PaymentSheetView.swift */ = {isa = PBXFileReference; lastKnownFileType = sourcecode.swift; path = PaymentSheetView.swift; sourceTree = "<group>"; };
		03BA616527454E63006B2781 /* NewPhotoRollView.swift */ = {isa = PBXFileReference; lastKnownFileType = sourcecode.swift; path = NewPhotoRollView.swift; sourceTree = "<group>"; };
		03BA616727469671006B2781 /* Order.swift */ = {isa = PBXFileReference; lastKnownFileType = sourcecode.swift; path = Order.swift; sourceTree = "<group>"; };
		03BA61692746A04F006B2781 /* VerifyEmailView.swift */ = {isa = PBXFileReference; lastKnownFileType = sourcecode.swift; path = VerifyEmailView.swift; sourceTree = "<group>"; };
		03BA616B2746AC4B006B2781 /* WelcomeToAppx2View.swift */ = {isa = PBXFileReference; lastKnownFileType = sourcecode.swift; path = WelcomeToAppx2View.swift; sourceTree = "<group>"; };
		03BA616D2746ACB3006B2781 /* WelcomeToAppx3View.swift */ = {isa = PBXFileReference; lastKnownFileType = sourcecode.swift; path = WelcomeToAppx3View.swift; sourceTree = "<group>"; };
		03BA616F2746AE39006B2781 /* WelcomeToAppx4View.swift */ = {isa = PBXFileReference; lastKnownFileType = sourcecode.swift; path = WelcomeToAppx4View.swift; sourceTree = "<group>"; };
		03C3F30726F4B6D300BB9994 /* PhotoCaptureProcessor.swift */ = {isa = PBXFileReference; lastKnownFileType = sourcecode.swift; path = PhotoCaptureProcessor.swift; sourceTree = "<group>"; };
		03C3F30926F4B78700BB9994 /* CameraViewModel.swift */ = {isa = PBXFileReference; lastKnownFileType = sourcecode.swift; path = CameraViewModel.swift; sourceTree = "<group>"; };
		03C3F30B26F4B7B500BB9994 /* CameraPreview.swift */ = {isa = PBXFileReference; lastKnownFileType = sourcecode.swift; path = CameraPreview.swift; sourceTree = "<group>"; };
		03C3F30D26F4B80B00BB9994 /* CameraView.swift */ = {isa = PBXFileReference; lastKnownFileType = sourcecode.swift; path = CameraView.swift; sourceTree = "<group>"; };
		03C8D848272858F30075EF41 /* CardView.swift */ = {isa = PBXFileReference; lastKnownFileType = sourcecode.swift; path = CardView.swift; sourceTree = "<group>"; };
		03F06E4526F4C11900D7486A /* ImageResizer.swift */ = {isa = PBXFileReference; lastKnownFileType = sourcecode.swift; path = ImageResizer.swift; sourceTree = "<group>"; };
		03F06E4826F4E4DF00D7486A /* AlertError.swift */ = {isa = PBXFileReference; lastKnownFileType = sourcecode.swift; path = AlertError.swift; sourceTree = "<group>"; };
		86F4ACD061BBC2376DB18DDA /* Pods-AppX (iOS).debug.xcconfig */ = {isa = PBXFileReference; includeInIndex = 1; lastKnownFileType = text.xcconfig; name = "Pods-AppX (iOS).debug.xcconfig"; path = "Target Support Files/Pods-AppX (iOS)/Pods-AppX (iOS).debug.xcconfig"; sourceTree = "<group>"; };
		94BFC219F31713BE5767B745 /* Pods-AppX (iOS).release.xcconfig */ = {isa = PBXFileReference; includeInIndex = 1; lastKnownFileType = text.xcconfig; name = "Pods-AppX (iOS).release.xcconfig"; path = "Target Support Files/Pods-AppX (iOS)/Pods-AppX (iOS).release.xcconfig"; sourceTree = "<group>"; };
		BA4A4D16A6D5F250165FF60C /* Pods_AppX__iOS_.framework */ = {isa = PBXFileReference; explicitFileType = wrapper.framework; includeInIndex = 0; path = Pods_AppX__iOS_.framework; sourceTree = BUILT_PRODUCTS_DIR; };
/* End PBXFileReference section */

/* Begin PBXFrameworksBuildPhase section */
		0304548426EFF49E000E78F6 /* Frameworks */ = {
			isa = PBXFrameworksBuildPhase;
			buildActionMask = 2147483647;
			files = (
				03675D122727186400E0257C /* URLImage in Frameworks */,
				03675D142727186400E0257C /* URLImageStore in Frameworks */,
				E62D03F5168AE0C00EDEAF94 /* Pods_AppX__iOS_.framework in Frameworks */,
			);
			runOnlyForDeploymentPostprocessing = 0;
		};
		0304549426EFF49E000E78F6 /* Frameworks */ = {
			isa = PBXFrameworksBuildPhase;
			buildActionMask = 2147483647;
			files = (
			);
			runOnlyForDeploymentPostprocessing = 0;
		};
/* End PBXFrameworksBuildPhase section */

/* Begin PBXGroup section */
		014D788933B3D7927FAE2376 /* Frameworks */ = {
			isa = PBXGroup;
			children = (
				BA4A4D16A6D5F250165FF60C /* Pods_AppX__iOS_.framework */,
			);
			name = Frameworks;
			sourceTree = "<group>";
		};
		0304547A26EFF49B000E78F6 = {
			isa = PBXGroup;
			children = (
				030454BD26EFF5FD000E78F6 /* GoogleService-Info.plist */,
				0304547F26EFF49C000E78F6 /* Shared */,
				0304548926EFF49E000E78F6 /* iOS */,
				0304549A26EFF49E000E78F6 /* Tests iOS */,
				0304548826EFF49E000E78F6 /* Products */,
				C42FA8AD8C269CC5FFC59F2F /* Pods */,
				014D788933B3D7927FAE2376 /* Frameworks */,
			);
			sourceTree = "<group>";
		};
		0304547F26EFF49C000E78F6 /* Shared */ = {
			isa = PBXGroup;
			children = (
				038300C5270DBF9300D1E08F /* Extensions */,
				038300C2270C778100D1E08F /* Classes */,
				038300B9270740B500D1E08F /* Account Environment */,
				03B5DD3727020043005C96F1 /* Authentication Environment */,
				03F06E4726F4E4C400D7486A /* Structs */,
				038C69E026F4B10C0051DE59 /* Camera Environment */,
				03A4FCF62823C507004BAD30 /* Camera */,
				0304548026EFF49C000E78F6 /* AppXApp.swift */,
				038C69C226F0C34C0051DE59 /* ContentView.swift */,
				035EDBD52710864B000C4DFC /* CameraRollView.swift */,
				03BA6161274545F0006B2781 /* PaymentSheetView.swift */,
				03BA616527454E63006B2781 /* NewPhotoRollView.swift */,
				03BA61692746A04F006B2781 /* VerifyEmailView.swift */,
				035AB86C2731514F00A40045 /* Assets.xcassets */,
			);
			path = Shared;
			sourceTree = "<group>";
		};
		0304548826EFF49E000E78F6 /* Products */ = {
			isa = PBXGroup;
			children = (
				0304548726EFF49E000E78F6 /* AppX.app */,
				0304549726EFF49E000E78F6 /* Tests iOS.xctest */,
			);
			name = Products;
			sourceTree = "<group>";
		};
		0304548926EFF49E000E78F6 /* iOS */ = {
			isa = PBXGroup;
			children = (
				0304548A26EFF49E000E78F6 /* Info.plist */,
			);
			path = iOS;
			sourceTree = "<group>";
		};
		0304549A26EFF49E000E78F6 /* Tests iOS */ = {
			isa = PBXGroup;
			children = (
				0304549B26EFF49E000E78F6 /* Tests_iOS.swift */,
				0304549D26EFF49E000E78F6 /* Info.plist */,
			);
			path = "Tests iOS";
			sourceTree = "<group>";
		};
		038300B9270740B500D1E08F /* Account Environment */ = {
			isa = PBXGroup;
			children = (
				038C69CF26F20D020051DE59 /* AccountView.swift */,
				038300C0270C6CCF00D1E08F /* AddressViewAccountEnvironment.swift */,
				03BA614F2739CD75006B2781 /* PaymentMethodView.swift */,
				03BA6151273BD631006B2781 /* OrdersView.swift */,
			);
			path = "Account Environment";
			sourceTree = "<group>";
		};
		038300C2270C778100D1E08F /* Classes */ = {
			isa = PBXGroup;
			children = (
				03B5DD39270200A0005C96F1 /* StorageManager.swift */,
				03ADB50B270482B800B999B2 /* User.swift */,
				038300C3270C77A500D1E08F /* LocationService.swift */,
				03174DC62737EB9200ABA99C /* PaymentService.swift */,
			);
			path = Classes;
			sourceTree = "<group>";
		};
		038300C5270DBF9300D1E08F /* Extensions */ = {
			isa = PBXGroup;
			children = (
				03560CB127319F9B00305527 /* UIColor.swift */,
				03174DC427340BB000ABA99C /* View.swift */,
				03A4FCFF2823C68D004BAD30 /* CGImage.swift */,
			);
			path = Extensions;
			sourceTree = "<group>";
		};
		038C69E026F4B10C0051DE59 /* Camera Environment */ = {
			isa = PBXGroup;
			children = (
				038C69E126F4B1290051DE59 /* CameraService.swift */,
				03C3F30726F4B6D300BB9994 /* PhotoCaptureProcessor.swift */,
				03C3F30926F4B78700BB9994 /* CameraViewModel.swift */,
				03C3F30B26F4B7B500BB9994 /* CameraPreview.swift */,
				03C3F30D26F4B80B00BB9994 /* CameraView.swift */,
				03C8D848272858F30075EF41 /* CardView.swift */,
				03F06E4526F4C11900D7486A /* ImageResizer.swift */,
			);
			path = "Camera Environment";
			sourceTree = "<group>";
		};
		03A4FCF62823C507004BAD30 /* Camera */ = {
			isa = PBXGroup;
			children = (
				03A4FCF72823C56C004BAD30 /* CameraView2.swift */,
				03A4FCF92823C62D004BAD30 /* CameraError.swift */,
				03A4FCFB2823C647004BAD30 /* CameraManager.swift */,
				03A4FCFD2823C664004BAD30 /* FrameManager.swift */,
				03A4FD012823C6B6004BAD30 /* CameraViewModel2.swift */,
				03A4FD032823C73C004BAD30 /* ControlView.swift */,
				03A4FD052823C777004BAD30 /* ErrorView.swift */,
				03A4FD072823C792004BAD30 /* FrameView.swift */,
			);
			path = Camera;
			sourceTree = "<group>";
		};
		03B5DD3727020043005C96F1 /* Authentication Environment */ = {
			isa = PBXGroup;
			children = (
				038C69CD26F1F1590051DE59 /* WelcomeView.swift */,
				038300BC27074F8100D1E08F /* SignInView.swift */,
				038300BE27074FE700D1E08F /* SignUpView.swift */,
				038300C8270DF73700D1E08F /* AddressViewAuthenticationEnvironment.swift */,
				03BA615E2743E29F006B2781 /* WelcomeToAppxView.swift */,
				03BA616B2746AC4B006B2781 /* WelcomeToAppx2View.swift */,
				03BA616D2746ACB3006B2781 /* WelcomeToAppx3View.swift */,
				03BA616F2746AE39006B2781 /* WelcomeToAppx4View.swift */,
			);
			path = "Authentication Environment";
			sourceTree = "<group>";
		};
		03F06E4726F4E4C400D7486A /* Structs */ = {
			isa = PBXGroup;
			children = (
				03BA616727469671006B2781 /* Order.swift */,
				03F06E4826F4E4DF00D7486A /* AlertError.swift */,
				038300B7270730BB00D1E08F /* TextAlert.swift */,
				03BA615C2743D168006B2781 /* LargeTextFieldStyle.swift */,
			);
			path = Structs;
			sourceTree = "<group>";
		};
		C42FA8AD8C269CC5FFC59F2F /* Pods */ = {
			isa = PBXGroup;
			children = (
				86F4ACD061BBC2376DB18DDA /* Pods-AppX (iOS).debug.xcconfig */,
				94BFC219F31713BE5767B745 /* Pods-AppX (iOS).release.xcconfig */,
			);
			path = Pods;
			sourceTree = "<group>";
		};
/* End PBXGroup section */

/* Begin PBXNativeTarget section */
		0304548626EFF49E000E78F6 /* AppX (iOS) */ = {
			isa = PBXNativeTarget;
			buildConfigurationList = 030454B126EFF49E000E78F6 /* Build configuration list for PBXNativeTarget "AppX (iOS)" */;
			buildPhases = (
				4D6C175AD30622800BB9632B /* [CP] Check Pods Manifest.lock */,
				0304548326EFF49E000E78F6 /* Sources */,
				0304548426EFF49E000E78F6 /* Frameworks */,
				0304548526EFF49E000E78F6 /* Resources */,
				3B28A4AEC0468A9258287C9C /* [CP] Embed Pods Frameworks */,
			);
			buildRules = (
			);
			dependencies = (
			);
			name = "AppX (iOS)";
			packageProductDependencies = (
				03675D112727186400E0257C /* URLImage */,
				03675D132727186400E0257C /* URLImageStore */,
			);
			productName = "AppX (iOS)";
			productReference = 0304548726EFF49E000E78F6 /* AppX.app */;
			productType = "com.apple.product-type.application";
		};
		0304549626EFF49E000E78F6 /* Tests iOS */ = {
			isa = PBXNativeTarget;
			buildConfigurationList = 030454B726EFF49E000E78F6 /* Build configuration list for PBXNativeTarget "Tests iOS" */;
			buildPhases = (
				0304549326EFF49E000E78F6 /* Sources */,
				0304549426EFF49E000E78F6 /* Frameworks */,
				0304549526EFF49E000E78F6 /* Resources */,
			);
			buildRules = (
			);
			dependencies = (
				0304549926EFF49E000E78F6 /* PBXTargetDependency */,
			);
			name = "Tests iOS";
			productName = "Tests iOS";
			productReference = 0304549726EFF49E000E78F6 /* Tests iOS.xctest */;
			productType = "com.apple.product-type.bundle.ui-testing";
		};
/* End PBXNativeTarget section */

/* Begin PBXProject section */
		0304547B26EFF49B000E78F6 /* Project object */ = {
			isa = PBXProject;
			attributes = {
				LastSwiftUpdateCheck = 1250;
				LastUpgradeCheck = 1250;
				TargetAttributes = {
					0304548626EFF49E000E78F6 = {
						CreatedOnToolsVersion = 12.5.1;
					};
					0304549626EFF49E000E78F6 = {
						CreatedOnToolsVersion = 12.5.1;
						TestTargetID = 0304548626EFF49E000E78F6;
					};
				};
			};
			buildConfigurationList = 0304547E26EFF49B000E78F6 /* Build configuration list for PBXProject "AppX" */;
			compatibilityVersion = "Xcode 9.3";
			developmentRegion = en;
			hasScannedForEncodings = 0;
			knownRegions = (
				en,
				Base,
			);
			mainGroup = 0304547A26EFF49B000E78F6;
			packageReferences = (
				03675D102727186400E0257C /* XCRemoteSwiftPackageReference "url-image" */,
			);
			productRefGroup = 0304548826EFF49E000E78F6 /* Products */;
			projectDirPath = "";
			projectRoot = "";
			targets = (
				0304548626EFF49E000E78F6 /* AppX (iOS) */,
				0304549626EFF49E000E78F6 /* Tests iOS */,
			);
		};
/* End PBXProject section */

/* Begin PBXResourcesBuildPhase section */
		0304548526EFF49E000E78F6 /* Resources */ = {
			isa = PBXResourcesBuildPhase;
			buildActionMask = 2147483647;
			files = (
				035AB86D2731514F00A40045 /* Assets.xcassets in Resources */,
				030454BE26EFF5FD000E78F6 /* GoogleService-Info.plist in Resources */,
			);
			runOnlyForDeploymentPostprocessing = 0;
		};
		0304549526EFF49E000E78F6 /* Resources */ = {
			isa = PBXResourcesBuildPhase;
			buildActionMask = 2147483647;
			files = (
				030454C026EFF5FD000E78F6 /* GoogleService-Info.plist in Resources */,
			);
			runOnlyForDeploymentPostprocessing = 0;
		};
/* End PBXResourcesBuildPhase section */

/* Begin PBXShellScriptBuildPhase section */
		3B28A4AEC0468A9258287C9C /* [CP] Embed Pods Frameworks */ = {
			isa = PBXShellScriptBuildPhase;
			buildActionMask = 2147483647;
			files = (
			);
			inputFileListPaths = (
				"${PODS_ROOT}/Target Support Files/Pods-AppX (iOS)/Pods-AppX (iOS)-frameworks-${CONFIGURATION}-input-files.xcfilelist",
			);
			name = "[CP] Embed Pods Frameworks";
			outputFileListPaths = (
				"${PODS_ROOT}/Target Support Files/Pods-AppX (iOS)/Pods-AppX (iOS)-frameworks-${CONFIGURATION}-output-files.xcfilelist",
			);
			runOnlyForDeploymentPostprocessing = 0;
			shellPath = /bin/sh;
			shellScript = "\"${PODS_ROOT}/Target Support Files/Pods-AppX (iOS)/Pods-AppX (iOS)-frameworks.sh\"\n";
			showEnvVarsInLog = 0;
		};
		4D6C175AD30622800BB9632B /* [CP] Check Pods Manifest.lock */ = {
			isa = PBXShellScriptBuildPhase;
			buildActionMask = 2147483647;
			files = (
			);
			inputFileListPaths = (
			);
			inputPaths = (
				"${PODS_PODFILE_DIR_PATH}/Podfile.lock",
				"${PODS_ROOT}/Manifest.lock",
			);
			name = "[CP] Check Pods Manifest.lock";
			outputFileListPaths = (
			);
			outputPaths = (
				"$(DERIVED_FILE_DIR)/Pods-AppX (iOS)-checkManifestLockResult.txt",
			);
			runOnlyForDeploymentPostprocessing = 0;
			shellPath = /bin/sh;
			shellScript = "diff \"${PODS_PODFILE_DIR_PATH}/Podfile.lock\" \"${PODS_ROOT}/Manifest.lock\" > /dev/null\nif [ $? != 0 ] ; then\n    # print error to STDERR\n    echo \"error: The sandbox is not in sync with the Podfile.lock. Run 'pod install' or update your CocoaPods installation.\" >&2\n    exit 1\nfi\n# This output is used by Xcode 'outputs' to avoid re-running this script phase.\necho \"SUCCESS\" > \"${SCRIPT_OUTPUT_FILE_0}\"\n";
			showEnvVarsInLog = 0;
		};
/* End PBXShellScriptBuildPhase section */

/* Begin PBXSourcesBuildPhase section */
		0304548326EFF49E000E78F6 /* Sources */ = {
			isa = PBXSourcesBuildPhase;
			buildActionMask = 2147483647;
			files = (
				03ADB50C270482B800B999B2 /* User.swift in Sources */,
				038C69D026F20D020051DE59 /* AccountView.swift in Sources */,
				030454A926EFF49E000E78F6 /* AppXApp.swift in Sources */,
				038300B8270730BB00D1E08F /* TextAlert.swift in Sources */,
				03174DC72737EB9200ABA99C /* PaymentService.swift in Sources */,
				03A4FD002823C68D004BAD30 /* CGImage.swift in Sources */,
				03C3F30E26F4B80B00BB9994 /* CameraView.swift in Sources */,
				03A4FD022823C6B6004BAD30 /* CameraViewModel2.swift in Sources */,
				03A4FD082823C792004BAD30 /* FrameView.swift in Sources */,
				03B5DD3A270200A0005C96F1 /* StorageManager.swift in Sources */,
				03BA616C2746AC4B006B2781 /* WelcomeToAppx2View.swift in Sources */,
				03A4FCFC2823C647004BAD30 /* CameraManager.swift in Sources */,
				03BA6152273BD631006B2781 /* OrdersView.swift in Sources */,
				038300C9270DF73700D1E08F /* AddressViewAuthenticationEnvironment.swift in Sources */,
				03BA616827469672006B2781 /* Order.swift in Sources */,
				03F06E4626F4C11900D7486A /* ImageResizer.swift in Sources */,
				03C3F30C26F4B7B500BB9994 /* CameraPreview.swift in Sources */,
				035EDBD62710864B000C4DFC /* CameraRollView.swift in Sources */,
				03BA61502739CD75006B2781 /* PaymentMethodView.swift in Sources */,
				03A4FCFE2823C664004BAD30 /* FrameManager.swift in Sources */,
				038C69C326F0C34C0051DE59 /* ContentView.swift in Sources */,
				03BA616627454E63006B2781 /* NewPhotoRollView.swift in Sources */,
				03560CB227319F9B00305527 /* UIColor.swift in Sources */,
				038300BD27074F8100D1E08F /* SignInView.swift in Sources */,
				03BA61702746AE39006B2781 /* WelcomeToAppx4View.swift in Sources */,
				03BA616A2746A04F006B2781 /* VerifyEmailView.swift in Sources */,
				03BA615D2743D168006B2781 /* LargeTextFieldStyle.swift in Sources */,
				03BA6162274545F0006B2781 /* PaymentSheetView.swift in Sources */,
				038C69E226F4B1290051DE59 /* CameraService.swift in Sources */,
				03F06E4926F4E4DF00D7486A /* AlertError.swift in Sources */,
				038300BF27074FE700D1E08F /* SignUpView.swift in Sources */,
				03A4FD062823C777004BAD30 /* ErrorView.swift in Sources */,
				03BA616E2746ACB3006B2781 /* WelcomeToAppx3View.swift in Sources */,
				03A4FCFA2823C62D004BAD30 /* CameraError.swift in Sources */,
				03C3F30826F4B6D300BB9994 /* PhotoCaptureProcessor.swift in Sources */,
				03C8D849272858F30075EF41 /* CardView.swift in Sources */,
				038300C1270C6CCF00D1E08F /* AddressViewAccountEnvironment.swift in Sources */,
				038C69CE26F1F1590051DE59 /* WelcomeView.swift in Sources */,
				03174DC527340BB000ABA99C /* View.swift in Sources */,
				03BA615F2743E29F006B2781 /* WelcomeToAppxView.swift in Sources */,
				038300C4270C77A500D1E08F /* LocationService.swift in Sources */,
				03A4FCF82823C56C004BAD30 /* CameraView2.swift in Sources */,
				03A4FD042823C73C004BAD30 /* ControlView.swift in Sources */,
				03C3F30A26F4B78700BB9994 /* CameraViewModel.swift in Sources */,
			);
			runOnlyForDeploymentPostprocessing = 0;
		};
		0304549326EFF49E000E78F6 /* Sources */ = {
			isa = PBXSourcesBuildPhase;
			buildActionMask = 2147483647;
			files = (
				0304549C26EFF49E000E78F6 /* Tests_iOS.swift in Sources */,
			);
			runOnlyForDeploymentPostprocessing = 0;
		};
/* End PBXSourcesBuildPhase section */

/* Begin PBXTargetDependency section */
		0304549926EFF49E000E78F6 /* PBXTargetDependency */ = {
			isa = PBXTargetDependency;
			target = 0304548626EFF49E000E78F6 /* AppX (iOS) */;
			targetProxy = 0304549826EFF49E000E78F6 /* PBXContainerItemProxy */;
		};
/* End PBXTargetDependency section */

/* Begin XCBuildConfiguration section */
		030454AF26EFF49E000E78F6 /* Debug */ = {
			isa = XCBuildConfiguration;
			buildSettings = {
				ALWAYS_SEARCH_USER_PATHS = NO;
				CLANG_ANALYZER_NONNULL = YES;
				CLANG_ANALYZER_NUMBER_OBJECT_CONVERSION = YES_AGGRESSIVE;
				CLANG_CXX_LANGUAGE_STANDARD = "gnu++14";
				CLANG_CXX_LIBRARY = "libc++";
				CLANG_ENABLE_MODULES = YES;
				CLANG_ENABLE_OBJC_ARC = YES;
				CLANG_ENABLE_OBJC_WEAK = YES;
				CLANG_WARN_BLOCK_CAPTURE_AUTORELEASING = YES;
				CLANG_WARN_BOOL_CONVERSION = YES;
				CLANG_WARN_COMMA = YES;
				CLANG_WARN_CONSTANT_CONVERSION = YES;
				CLANG_WARN_DEPRECATED_OBJC_IMPLEMENTATIONS = YES;
				CLANG_WARN_DIRECT_OBJC_ISA_USAGE = YES_ERROR;
				CLANG_WARN_DOCUMENTATION_COMMENTS = YES;
				CLANG_WARN_EMPTY_BODY = YES;
				CLANG_WARN_ENUM_CONVERSION = YES;
				CLANG_WARN_INFINITE_RECURSION = YES;
				CLANG_WARN_INT_CONVERSION = YES;
				CLANG_WARN_NON_LITERAL_NULL_CONVERSION = YES;
				CLANG_WARN_OBJC_IMPLICIT_RETAIN_SELF = YES;
				CLANG_WARN_OBJC_LITERAL_CONVERSION = YES;
				CLANG_WARN_OBJC_ROOT_CLASS = YES_ERROR;
				CLANG_WARN_QUOTED_INCLUDE_IN_FRAMEWORK_HEADER = YES;
				CLANG_WARN_RANGE_LOOP_ANALYSIS = YES;
				CLANG_WARN_STRICT_PROTOTYPES = YES;
				CLANG_WARN_SUSPICIOUS_MOVE = YES;
				CLANG_WARN_UNGUARDED_AVAILABILITY = YES_AGGRESSIVE;
				CLANG_WARN_UNREACHABLE_CODE = YES;
				CLANG_WARN__DUPLICATE_METHOD_MATCH = YES;
				COPY_PHASE_STRIP = NO;
				DEBUG_INFORMATION_FORMAT = dwarf;
				ENABLE_STRICT_OBJC_MSGSEND = YES;
				ENABLE_TESTABILITY = YES;
				GCC_C_LANGUAGE_STANDARD = gnu11;
				GCC_DYNAMIC_NO_PIC = NO;
				GCC_NO_COMMON_BLOCKS = YES;
				GCC_OPTIMIZATION_LEVEL = 0;
				GCC_PREPROCESSOR_DEFINITIONS = (
					"DEBUG=1",
					"$(inherited)",
				);
				GCC_WARN_64_TO_32_BIT_CONVERSION = YES;
				GCC_WARN_ABOUT_RETURN_TYPE = YES_ERROR;
				GCC_WARN_UNDECLARED_SELECTOR = YES;
				GCC_WARN_UNINITIALIZED_AUTOS = YES_AGGRESSIVE;
				GCC_WARN_UNUSED_FUNCTION = YES;
				GCC_WARN_UNUSED_VARIABLE = YES;
				MTL_ENABLE_DEBUG_INFO = INCLUDE_SOURCE;
				MTL_FAST_MATH = YES;
				ONLY_ACTIVE_ARCH = YES;
				SWIFT_ACTIVE_COMPILATION_CONDITIONS = DEBUG;
				SWIFT_ENFORCE_EXCLUSIVE_ACCESS = on;
				SWIFT_OPTIMIZATION_LEVEL = "-Onone";
			};
			name = Debug;
		};
		030454B026EFF49E000E78F6 /* Release */ = {
			isa = XCBuildConfiguration;
			buildSettings = {
				ALWAYS_SEARCH_USER_PATHS = NO;
				CLANG_ANALYZER_NONNULL = YES;
				CLANG_ANALYZER_NUMBER_OBJECT_CONVERSION = YES_AGGRESSIVE;
				CLANG_CXX_LANGUAGE_STANDARD = "gnu++14";
				CLANG_CXX_LIBRARY = "libc++";
				CLANG_ENABLE_MODULES = YES;
				CLANG_ENABLE_OBJC_ARC = YES;
				CLANG_ENABLE_OBJC_WEAK = YES;
				CLANG_WARN_BLOCK_CAPTURE_AUTORELEASING = YES;
				CLANG_WARN_BOOL_CONVERSION = YES;
				CLANG_WARN_COMMA = YES;
				CLANG_WARN_CONSTANT_CONVERSION = YES;
				CLANG_WARN_DEPRECATED_OBJC_IMPLEMENTATIONS = YES;
				CLANG_WARN_DIRECT_OBJC_ISA_USAGE = YES_ERROR;
				CLANG_WARN_DOCUMENTATION_COMMENTS = YES;
				CLANG_WARN_EMPTY_BODY = YES;
				CLANG_WARN_ENUM_CONVERSION = YES;
				CLANG_WARN_INFINITE_RECURSION = YES;
				CLANG_WARN_INT_CONVERSION = YES;
				CLANG_WARN_NON_LITERAL_NULL_CONVERSION = YES;
				CLANG_WARN_OBJC_IMPLICIT_RETAIN_SELF = YES;
				CLANG_WARN_OBJC_LITERAL_CONVERSION = YES;
				CLANG_WARN_OBJC_ROOT_CLASS = YES_ERROR;
				CLANG_WARN_QUOTED_INCLUDE_IN_FRAMEWORK_HEADER = YES;
				CLANG_WARN_RANGE_LOOP_ANALYSIS = YES;
				CLANG_WARN_STRICT_PROTOTYPES = YES;
				CLANG_WARN_SUSPICIOUS_MOVE = YES;
				CLANG_WARN_UNGUARDED_AVAILABILITY = YES_AGGRESSIVE;
				CLANG_WARN_UNREACHABLE_CODE = YES;
				CLANG_WARN__DUPLICATE_METHOD_MATCH = YES;
				COPY_PHASE_STRIP = NO;
				DEBUG_INFORMATION_FORMAT = "dwarf-with-dsym";
				ENABLE_NS_ASSERTIONS = NO;
				ENABLE_STRICT_OBJC_MSGSEND = YES;
				GCC_C_LANGUAGE_STANDARD = gnu11;
				GCC_NO_COMMON_BLOCKS = YES;
				GCC_WARN_64_TO_32_BIT_CONVERSION = YES;
				GCC_WARN_ABOUT_RETURN_TYPE = YES_ERROR;
				GCC_WARN_UNDECLARED_SELECTOR = YES;
				GCC_WARN_UNINITIALIZED_AUTOS = YES_AGGRESSIVE;
				GCC_WARN_UNUSED_FUNCTION = YES;
				GCC_WARN_UNUSED_VARIABLE = YES;
				MTL_ENABLE_DEBUG_INFO = NO;
				MTL_FAST_MATH = YES;
				SWIFT_COMPILATION_MODE = wholemodule;
				SWIFT_ENFORCE_EXCLUSIVE_ACCESS = on;
				SWIFT_OPTIMIZATION_LEVEL = "-O";
			};
			name = Release;
		};
		030454B226EFF49E000E78F6 /* Debug */ = {
			isa = XCBuildConfiguration;
			baseConfigurationReference = 86F4ACD061BBC2376DB18DDA /* Pods-AppX (iOS).debug.xcconfig */;
			buildSettings = {
				ASSETCATALOG_COMPILER_APPICON_NAME = AppIcon;
				ASSETCATALOG_COMPILER_GLOBAL_ACCENT_COLOR_NAME = AccentColor;
				CODE_SIGN_STYLE = Automatic;
				DEVELOPMENT_TEAM = 7L89MMS965;
				ENABLE_PREVIEWS = YES;
				INFOPLIST_FILE = iOS/Info.plist;
				IPHONEOS_DEPLOYMENT_TARGET = 14.0;
				LD_RUNPATH_SEARCH_PATHS = (
					"$(inherited)",
					"@executable_path/Frameworks",
				);
				PRODUCT_BUNDLE_IDENTIFIER = Appx.AppX;
				PRODUCT_NAME = AppX;
				SDKROOT = iphoneos;
				SWIFT_VERSION = 5.0;
				TARGETED_DEVICE_FAMILY = "1,2";
			};
			name = Debug;
		};
		030454B326EFF49E000E78F6 /* Release */ = {
			isa = XCBuildConfiguration;
			baseConfigurationReference = 94BFC219F31713BE5767B745 /* Pods-AppX (iOS).release.xcconfig */;
			buildSettings = {
				ASSETCATALOG_COMPILER_APPICON_NAME = AppIcon;
				ASSETCATALOG_COMPILER_GLOBAL_ACCENT_COLOR_NAME = AccentColor;
				CODE_SIGN_STYLE = Automatic;
				DEVELOPMENT_TEAM = 7L89MMS965;
				ENABLE_PREVIEWS = YES;
				INFOPLIST_FILE = iOS/Info.plist;
				IPHONEOS_DEPLOYMENT_TARGET = 14.0;
				LD_RUNPATH_SEARCH_PATHS = (
					"$(inherited)",
					"@executable_path/Frameworks",
				);
				PRODUCT_BUNDLE_IDENTIFIER = Appx.AppX;
				PRODUCT_NAME = AppX;
				SDKROOT = iphoneos;
				SWIFT_VERSION = 5.0;
				TARGETED_DEVICE_FAMILY = "1,2";
				VALIDATE_PRODUCT = YES;
			};
			name = Release;
		};
		030454B826EFF49E000E78F6 /* Debug */ = {
			isa = XCBuildConfiguration;
			buildSettings = {
				ALWAYS_EMBED_SWIFT_STANDARD_LIBRARIES = YES;
				CODE_SIGN_STYLE = Automatic;
				DEVELOPMENT_TEAM = 7L89MMS965;
				INFOPLIST_FILE = "Tests iOS/Info.plist";
				IPHONEOS_DEPLOYMENT_TARGET = 14.5;
				LD_RUNPATH_SEARCH_PATHS = (
					"$(inherited)",
					"@executable_path/Frameworks",
					"@loader_path/Frameworks",
				);
				PRODUCT_BUNDLE_IDENTIFIER = "Appx.Tests-iOS";
				PRODUCT_NAME = "$(TARGET_NAME)";
				SDKROOT = iphoneos;
				SWIFT_VERSION = 5.0;
				TARGETED_DEVICE_FAMILY = "1,2";
				TEST_TARGET_NAME = "AppX (iOS)";
			};
			name = Debug;
		};
		030454B926EFF49E000E78F6 /* Release */ = {
			isa = XCBuildConfiguration;
			buildSettings = {
				ALWAYS_EMBED_SWIFT_STANDARD_LIBRARIES = YES;
				CODE_SIGN_STYLE = Automatic;
				DEVELOPMENT_TEAM = 7L89MMS965;
				INFOPLIST_FILE = "Tests iOS/Info.plist";
				IPHONEOS_DEPLOYMENT_TARGET = 14.5;
				LD_RUNPATH_SEARCH_PATHS = (
					"$(inherited)",
					"@executable_path/Frameworks",
					"@loader_path/Frameworks",
				);
				PRODUCT_BUNDLE_IDENTIFIER = "Appx.Tests-iOS";
				PRODUCT_NAME = "$(TARGET_NAME)";
				SDKROOT = iphoneos;
				SWIFT_VERSION = 5.0;
				TARGETED_DEVICE_FAMILY = "1,2";
				TEST_TARGET_NAME = "AppX (iOS)";
				VALIDATE_PRODUCT = YES;
			};
			name = Release;
		};
/* End XCBuildConfiguration section */

/* Begin XCConfigurationList section */
		0304547E26EFF49B000E78F6 /* Build configuration list for PBXProject "AppX" */ = {
			isa = XCConfigurationList;
			buildConfigurations = (
				030454AF26EFF49E000E78F6 /* Debug */,
				030454B026EFF49E000E78F6 /* Release */,
			);
			defaultConfigurationIsVisible = 0;
			defaultConfigurationName = Release;
		};
		030454B126EFF49E000E78F6 /* Build configuration list for PBXNativeTarget "AppX (iOS)" */ = {
			isa = XCConfigurationList;
			buildConfigurations = (
				030454B226EFF49E000E78F6 /* Debug */,
				030454B326EFF49E000E78F6 /* Release */,
			);
			defaultConfigurationIsVisible = 0;
			defaultConfigurationName = Release;
		};
		030454B726EFF49E000E78F6 /* Build configuration list for PBXNativeTarget "Tests iOS" */ = {
			isa = XCConfigurationList;
			buildConfigurations = (
				030454B826EFF49E000E78F6 /* Debug */,
				030454B926EFF49E000E78F6 /* Release */,
			);
			defaultConfigurationIsVisible = 0;
			defaultConfigurationName = Release;
		};
/* End XCConfigurationList section */

/* Begin XCRemoteSwiftPackageReference section */
		03675D102727186400E0257C /* XCRemoteSwiftPackageReference "url-image" */ = {
			isa = XCRemoteSwiftPackageReference;
			repositoryURL = "https://github.com/dmytro-anokhin/url-image";
			requirement = {
				kind = upToNextMajorVersion;
				minimumVersion = 3.0.0;
			};
		};
/* End XCRemoteSwiftPackageReference section */

/* Begin XCSwiftPackageProductDependency section */
		03675D112727186400E0257C /* URLImage */ = {
			isa = XCSwiftPackageProductDependency;
			package = 03675D102727186400E0257C /* XCRemoteSwiftPackageReference "url-image" */;
			productName = URLImage;
		};
		03675D132727186400E0257C /* URLImageStore */ = {
			isa = XCSwiftPackageProductDependency;
			package = 03675D102727186400E0257C /* XCRemoteSwiftPackageReference "url-image" */;
			productName = URLImageStore;
		};
/* End XCSwiftPackageProductDependency section */
	};
	rootObject = 0304547B26EFF49B000E78F6 /* Project object */;
}
